
Microsoft Visual Studio Solution File, Format Version 12.00
Project("{2150E333-8FDC-42A3-9474-1A3956D46DE8}") = "tests", "tests", "{FD618A48-36EE-4CE9-8799-024535901C3A}"
EndProject
Project("{FAE04EC0-301F-11D3-BF4B-00C04F79EFBC}") = "UnitTests", "UnitTests\UnitTests.csproj", "{B802BF77-DBD7-4B20-A912-8531D374F44D}"
EndProject
Project("{FAE04EC0-301F-11D3-BF4B-00C04F79EFBC}") = "Core", "Core\Core.csproj", "{6C3BBF50-A795-47E2-B7D2-A7661B8050D4}"
EndProject
Project("{FAE04EC0-301F-11D3-BF4B-00C04F79EFBC}") = "Frontend", "Frontend\Frontend.csproj", "{4B065F1D-FB0A-46E5-A54E-DF394F2BA212}"
EndProject
Project("{2150E333-8FDC-42A3-9474-1A3956D46DE8}") = "src", "src", "{C8B95123-EA1D-4778-A5D5-258D858FAF71}"
EndProject
Project("{FAE04EC0-301F-11D3-BF4B-00C04F79EFBC}") = "Infrastructure", "Infrastructure\Infrastructure.csproj", "{AD7F3FF7-92D9-4955-A4B4-74B497DDA75D}"
EndProject
Global
	GlobalSection(SolutionConfigurationPlatforms) = preSolution
		Debug|Any CPU = Debug|Any CPU
		Release|Any CPU = Release|Any CPU
	EndGlobalSection
	GlobalSection(ProjectConfigurationPlatforms) = postSolution
		{B802BF77-DBD7-4B20-A912-8531D374F44D}.Debug|Any CPU.ActiveCfg = Debug|Any CPU
		{B802BF77-DBD7-4B20-A912-8531D374F44D}.Debug|Any CPU.Build.0 = Debug|Any CPU
		{B802BF77-DBD7-4B20-A912-8531D374F44D}.Release|Any CPU.ActiveCfg = Release|Any CPU
		{B802BF77-DBD7-4B20-A912-8531D374F44D}.Release|Any CPU.Build.0 = Release|Any CPU
		{6C3BBF50-A795-47E2-B7D2-A7661B8050D4}.Debug|Any CPU.ActiveCfg = Debug|Any CPU
		{6C3BBF50-A795-47E2-B7D2-A7661B8050D4}.Debug|Any CPU.Build.0 = Debug|Any CPU
		{6C3BBF50-A795-47E2-B7D2-A7661B8050D4}.Release|Any CPU.ActiveCfg = Release|Any CPU
		{6C3BBF50-A795-47E2-B7D2-A7661B8050D4}.Release|Any CPU.Build.0 = Release|Any CPU
		{4B065F1D-FB0A-46E5-A54E-DF394F2BA212}.Debug|Any CPU.ActiveCfg = Debug|Any CPU
		{4B065F1D-FB0A-46E5-A54E-DF394F2BA212}.Debug|Any CPU.Build.0 = Debug|Any CPU
		{4B065F1D-FB0A-46E5-A54E-DF394F2BA212}.Release|Any CPU.ActiveCfg = Release|Any CPU
		{4B065F1D-FB0A-46E5-A54E-DF394F2BA212}.Release|Any CPU.Build.0 = Release|Any CPU
		{AD7F3FF7-92D9-4955-A4B4-74B497DDA75D}.Debug|Any CPU.ActiveCfg = Debug|Any CPU
		{AD7F3FF7-92D9-4955-A4B4-74B497DDA75D}.Debug|Any CPU.Build.0 = Debug|Any CPU
		{AD7F3FF7-92D9-4955-A4B4-74B497DDA75D}.Release|Any CPU.ActiveCfg = Release|Any CPU
		{AD7F3FF7-92D9-4955-A4B4-74B497DDA75D}.Release|Any CPU.Build.0 = Release|Any CPU
	EndGlobalSection
	GlobalSection(NestedProjects) = preSolution
		{B802BF77-DBD7-4B20-A912-8531D374F44D} = {FD618A48-36EE-4CE9-8799-024535901C3A}
		{6C3BBF50-A795-47E2-B7D2-A7661B8050D4} = {C8B95123-EA1D-4778-A5D5-258D858FAF71}
		{4B065F1D-FB0A-46E5-A54E-DF394F2BA212} = {C8B95123-EA1D-4778-A5D5-258D858FAF71}
		{AD7F3FF7-92D9-4955-A4B4-74B497DDA75D} = {C8B95123-EA1D-4778-A5D5-258D858FAF71}
	EndGlobalSection
EndGlobal
